
Microsoft Visual Studio Solution File, Format Version 12.00
# Visual Studio 15
VisualStudioVersion = 15.0.27004.2009
MinimumVisualStudioVersion = 10.0.40219.1
Project("{FAE04EC0-301F-11D3-BF4B-00C04F79EFBC}") = "HtmlDisplay", "HtmlDisplay\HtmlDisplay.csproj", "{EE25F4D0-DB71-4E8F-BEAB-0BDBC5CB71AB}"
EndProject
Global
	GlobalSection(SolutionConfigurationPlatforms) = preSolution
		Debug|Any CPU = Debug|Any CPU
		Release|Any CPU = Release|Any CPU
	EndGlobalSection
	GlobalSection(ProjectConfigurationPlatforms) = postSolution
		{EE25F4D0-DB71-4E8F-BEAB-0BDBC5CB71AB}.Debug|Any CPU.ActiveCfg = Debug|Any CPU
		{EE25F4D0-DB71-4E8F-BEAB-0BDBC5CB71AB}.Debug|Any CPU.Build.0 = Debug|Any CPU
		{EE25F4D0-DB71-4E8F-BEAB-0BDBC5CB71AB}.Release|Any CPU.ActiveCfg = Release|Any CPU
		{EE25F4D0-DB71-4E8F-BEAB-0BDBC5CB71AB}.Release|Any CPU.Build.0 = Release|Any CPU
	EndGlobalSection
	GlobalSection(SolutionProperties) = preSolution
		HideSolutionNode = FALSE
	EndGlobalSection
	GlobalSection(ExtensibilityGlobals) = postSolution
		SolutionGuid = {58347E6A-2E5E-4B34-BAED-2ACC19F2B5CA}
	EndGlobalSection
EndGlobal
